// !$*UTF8*$!
{
	archiveVersion = 1;
	classes = {
	};
	objectVersion = 77;
	objects = {

/* Begin PBXBuildFile section */
		A10000000000000000000001 /* Textual in Frameworks */ = {isa = PBXBuildFile; productRef = A10000000000000000000002 /* Textual */; };
/* End PBXBuildFile section */

/* Begin PBXContainerItemProxy section */
		4BE47DC2300DA8E700458BDB /* PBXContainerItemProxy */ = {
			isa = PBXContainerItemProxy;
			containerPortal = 4BE47DAC300DA8E600458BDB /* Project object */;
			proxyType = 1;
			remoteGlobalIDString = 4BE47DB3300DA8E600458BDB;
			remoteInfo = OpenCodeClient;
		};
		4BE47DCC300DA8E700458BDB /* PBXContainerItemProxy */ = {
			isa = PBXContainerItemProxy;
			containerPortal = 4BE47DAC300DA8E600458BDB /* Project object */;
			proxyType = 1;
			remoteGlobalIDString = 4BE47DB3300DA8E600458BDB;
			remoteInfo = OpenCodeClient;
		};
/* End PBXContainerItemProxy section */

/* Begin PBXFileReference section */
		4BE47DB4300DA8E600458BDB /* OpenCodeClient.app */ = {isa = PBXFileReference; explicitFileType = wrapper.application; includeInIndex = 0; path = OpenCodeClient.app; sourceTree = BUILT_PRODUCTS_DIR; };
		4BE47DC1300DA8E700458BDB /* OpenCodeClientTests.xctest */ = {isa = PBXFileReference; explicitFileType = wrapper.cfbundle; includeInIndex = 0; path = OpenCodeClientTests.xctest; sourceTree = BUILT_PRODUCTS_DIR; };
		4BE47DCB300DA8E700458BDB /* OpenCodeClientUITests.xctest */ = {isa = PBXFileReference; explicitFileType = wrapper.cfbundle; includeInIndex = 0; path = OpenCodeClientUITests.xctest; sourceTree = BUILT_PRODUCTS_DIR; };
/* End PBXFileReference section */

/* Begin PBXFileSystemSynchronizedRootGroup section */
		4BE47DB6300DA8E600458BDB /* OpenCodeClient */ = {
			isa = PBXFileSystemSynchronizedRootGroup;
			path = OpenCodeClient;
			sourceTree = "<group>";
		};
		4BE47DC4300DA8E700458BDB /* OpenCodeClientTests */ = {
			isa = PBXFileSystemSynchronizedRootGroup;
			path = OpenCodeClientTests;
			sourceTree = "<group>";
		};
		4BE47DCE300DA8E700458BDB /* OpenCodeClientUITests */ = {
			isa = PBXFileSystemSynchronizedRootGroup;
			path = OpenCodeClientUITests;
			sourceTree = "<group>";
		};
/* End PBXFileSystemSynchronizedRootGroup section */

/* Begin PBXFrameworksBuildPhase section */
		4BE47DB1300DA8E600458BDB /* Frameworks */ = {
			isa = PBXFrameworksBuildPhase;
			buildActionMask = 2147483647;
			files = (
				A10000000000000000000001 /* Textual in Frameworks */,
			);
			runOnlyForDeploymentPostprocessing = 0;
		};
		4BE47DBE300DA8E700458BDB /* Frameworks */ = {
			isa = PBXFrameworksBuildPhase;
			buildActionMask = 2147483647;
			files = (
			);
			runOnlyForDeploymentPostprocessing = 0;
		};
		4BE47DC8300DA8E700458BDB /* Frameworks */ = {
			isa = PBXFrameworksBuildPhase;
			buildActionMask = 2147483647;
			files = (
			);
			runOnlyForDeploymentPostprocessing = 0;
		};
/* End PBXFrameworksBuildPhase section */

/* Begin PBXGroup section */
		4BE47DAB300DA8E600458BDB = {
			isa = PBXGroup;
			children = (
				4BE47DB6300DA8E600458BDB /* OpenCodeClient */,
				4BE47DC4300DA8E700458BDB /* OpenCodeClientTests */,
				4BE47DCE300DA8E700458BDB /* OpenCodeClientUITests */,
				4BE47DB5300DA8E600458BDB /* Products */,
			);
			sourceTree = "<group>";
		};
		4BE47DB5300DA8E600458BDB /* Products */ = {
			isa = PBXGroup;
			children = (
				4BE47DB4300DA8E600458BDB /* OpenCodeClient.app */,
				4BE47DC1300DA8E700458BDB /* OpenCodeClientTests.xctest */,
				4BE47DCB300DA8E700458BDB /* OpenCodeClientUITests.xctest */,
			);
			name = Products;
			sourceTree = "<group>";
		};
/* End PBXGroup section */

/* Begin PBXNativeTarget section */
		4BE47DB3300DA8E600458BDB /* OpenCodeClient */ = {
			isa = PBXNativeTarget;
			buildConfigurationList = 4BE47DD5300DA8E700458BDB /* Build configuration list for PBXNativeTarget "OpenCodeClient" */;
			buildPhases = (
				4BE47DB0300DA8E600458BDB /* Sources */,
				4BE47DB1300DA8E600458BDB /* Frameworks */,
				4BE47DB2300DA8E600458BDB /* Resources */,
			);
			buildRules = (
			);
			dependencies = (
			);
			fileSystemSynchronizedGroups = (
				4BE47DB6300DA8E600458BDB /* OpenCodeClient */,
			);
			name = OpenCodeClient;
			packageProductDependencies = (
				A10000000000000000000002 /* Textual */,
			);
			productName = OpenCodeClient;
			productReference = 4BE47DB4300DA8E600458BDB /* OpenCodeClient.app */;
			productType = "com.apple.product-type.application";
		};
		4BE47DC0300DA8E700458BDB /* OpenCodeClientTests */ = {
			isa = PBXNativeTarget;
			buildConfigurationList = 4BE47DD8300DA8E700458BDB /* Build configuration list for PBXNativeTarget "OpenCodeClientTests" */;
			buildPhases = (
				4BE47DBD300DA8E700458BDB /* Sources */,
				4BE47DBE300DA8E700458BDB /* Frameworks */,
				4BE47DBF300DA8E700458BDB /* Resources */,
			);
			buildRules = (
			);
			dependencies = (
				4BE47DC3300DA8E700458BDB /* PBXTargetDependency */,
			);
			fileSystemSynchronizedGroups = (
				4BE47DC4300DA8E700458BDB /* OpenCodeClientTests */,
			);
			name = OpenCodeClientTests;
			packageProductDependencies = (
			);
			productName = OpenCodeClientTests;
			productReference = 4BE47DC1300DA8E700458BDB /* OpenCodeClientTests.xctest */;
			productType = "com.apple.product-type.bundle.unit-test";
		};
		4BE47DCA300DA8E700458BDB /* OpenCodeClientUITests */ = {
			isa = PBXNativeTarget;
			buildConfigurationList = 4BE47DDB300DA8E700458BDB /* Build configuration list for PBXNativeTarget "OpenCodeClientUITests" */;
			buildPhases = (
				4BE47DC7300DA8E700458BDB /* Sources */,
				4BE47DC8300DA8E700458BDB /* Frameworks */,
				4BE47DC9300DA8E700458BDB /* Resources */,
			);
			buildRules = (
			);
			dependencies = (
				4BE47DCD300DA8E700458BDB /* PBXTargetDependency */,
			);
			fileSystemSynchronizedGroups = (
				4BE47DCE300DA8E700458BDB /* OpenCodeClientUITests */,
			);
			name = OpenCodeClientUITests;
			packageProductDependencies = (
			);
			productName = OpenCodeClientUITests;
			productReference = 4BE47DCB300DA8E700458BDB /* OpenCodeClientUITests.xctest */;
			productType = "com.apple.product-type.bundle.ui-testing";
		};
/* End PBXNativeTarget section */

/* Begin PBXProject section */
		4BE47DAC300DA8E600458BDB /* Project object */ = {
			isa = PBXProject;
			attributes = {
				BuildIndependentTargetsInParallel = 1;
				LastSwiftUpdateCheck = 2660;
				LastUpgradeCheck = 2660;
				TargetAttributes = {
					4BE47DB3300DA8E600458BDB = {
						CreatedOnToolsVersion = 26.6;
					};
					4BE47DC0300DA8E700458BDB = {
						CreatedOnToolsVersion = 26.6;
						TestTargetID = 4BE47DB3300DA8E600458BDB;
					};
					4BE47DCA300DA8E700458BDB = {
						CreatedOnToolsVersion = 26.6;
						TestTargetID = 4BE47DB3300DA8E600458BDB;
					};
				};
			};
			buildConfigurationList = 4BE47DAF300DA8E600458BDB /* Build configuration list for PBXProject "OpenCodeClient" */;
			developmentRegion = en;
			hasScannedForEncodings = 0;
			knownRegions = (
				en,
				Base,
				es,
			);
			mainGroup = 4BE47DAB300DA8E600458BDB;
			minimizedProjectReferenceProxies = 1;
			packageReferences = (
				A10000000000000000000003 /* XCRemoteSwiftPackageReference "textual" */,
			);
			preferredProjectObjectVersion = 77;
			productRefGroup = 4BE47DB5300DA8E600458BDB /* Products */;
			projectDirPath = "";
			projectRoot = "";
			targets = (
				4BE47DB3300DA8E600458BDB /* OpenCodeClient */,
				4BE47DC0300DA8E700458BDB /* OpenCodeClientTests */,
				4BE47DCA300DA8E700458BDB /* OpenCodeClientUITests */,
			);
		};
/* End PBXProject section */

/* Begin PBXResourcesBuildPhase section */
		4BE47DB2300DA8E600458BDB /* Resources */ = {
			isa = PBXResourcesBuildPhase;
			buildActionMask = 2147483647;
			files = (
			);
			runOnlyForDeploymentPostprocessing = 0;
		};
		4BE47DBF300DA8E700458BDB /* Resources */ = {
			isa = PBXResourcesBuildPhase;
			buildActionMask = 2147483647;
			files = (
			);
			runOnlyForDeploymentPostprocessing = 0;
		};
		4BE47DC9300DA8E700458BDB /* Resources */ = {
			isa = PBXResourcesBuildPhase;
			buildActionMask = 2147483647;
			files = (
			);
			runOnlyForDeploymentPostprocessing = 0;
		};
/* End PBXResourcesBuildPhase section */

/* Begin PBXSourcesBuildPhase section */
		4BE47DB0300DA8E600458BDB /* Sources */ = {
			isa = PBXSourcesBuildPhase;
			buildActionMask = 2147483647;
			files = (
			);
			runOnlyForDeploymentPostprocessing = 0;
		};
		4BE47DBD300DA8E700458BDB /* Sources */ = {
			isa = PBXSourcesBuildPhase;
			buildActionMask = 2147483647;
			files = (
			);
			runOnlyForDeploymentPostprocessing = 0;
		};
		4BE47DC7300DA8E700458BDB /* Sources */ = {
			isa = PBXSourcesBuildPhase;
			buildActionMask = 2147483647;
			files = (
			);
			runOnlyForDeploymentPostprocessing = 0;
		};
/* End PBXSourcesBuildPhase section */

/* Begin PBXTargetDependency section */
		4BE47DC3300DA8E700458BDB /* PBXTargetDependency */ = {
			isa = PBXTargetDependency;
			target = 4BE47DB3300DA8E600458BDB /* OpenCodeClient */;
			targetProxy = 4BE47DC2300DA8E700458BDB /* PBXContainerItemProxy */;
		};
		4BE47DCD300DA8E700458BDB /* PBXTargetDependency */ = {
			isa = PBXTargetDependency;
			target = 4BE47DB3300DA8E600458BDB /* OpenCodeClient */;
			targetProxy = 4BE47DCC300DA8E700458BDB /* PBXContainerItemProxy */;
		};
/* End PBXTargetDependency section */

/* Begin XCBuildConfiguration section */
		4BE47DD3300DA8E700458BDB /* Debug */ = {
			isa = XCBuildConfiguration;
			buildSettings = {
				ALWAYS_SEARCH_USER_PATHS = NO;
				ASSETCATALOG_COMPILER_GENERATE_SWIFT_ASSET_SYMBOL_EXTENSIONS = YES;
				CLANG_ANALYZER_NONNULL = YES;
				CLANG_ANALYZER_NUMBER_OBJECT_CONVERSION = YES_AGGRESSIVE;
				CLANG_CXX_LANGUAGE_STANDARD = "gnu++20";
				CLANG_ENABLE_MODULES = YES;
				CLANG_ENABLE_OBJC_ARC = YES;
				CLANG_ENABLE_OBJC_WEAK = YES;
				CLANG_WARN_BLOCK_CAPTURE_AUTORELEASING = YES;
				CLANG_WARN_BOOL_CONVERSION = YES;
				CLANG_WARN_COMMA = YES;
				CLANG_WARN_CONSTANT_CONVERSION = YES;
				CLANG_WARN_DEPRECATED_OBJC_IMPLEMENTATIONS = YES;
				CLANG_WARN_DIRECT_OBJC_ISA_USAGE = YES_ERROR;
				CLANG_WARN_DOCUMENTATION_COMMENTS = YES;
				CLANG_WARN_EMPTY_BODY = YES;
				CLANG_WARN_ENUM_CONVERSION = YES;
				CLANG_WARN_INFINITE_RECURSION = YES;
				CLANG_WARN_INT_CONVERSION = YES;
				CLANG_WARN_NON_LITERAL_NULL_CONVERSION = YES;
				CLANG_WARN_OBJC_IMPLICIT_RETAIN_SELF = YES;
				CLANG_WARN_OBJC_LITERAL_CONVERSION = YES;
				CLANG_WARN_OBJC_ROOT_CLASS = YES_ERROR;
				CLANG_WARN_QUOTED_INCLUDE_IN_FRAMEWORK_HEADER = YES;
				CLANG_WARN_RANGE_LOOP_ANALYSIS = YES;
				CLANG_WARN_STRICT_PROTOTYPES = YES;
				CLANG_WARN_SUSPICIOUS_MOVE = YES;
				CLANG_WARN_UNGUARDED_AVAILABILITY = YES_AGGRESSIVE;
				CLANG_WARN_UNREACHABLE_CODE = YES;
				CLANG_WARN__DUPLICATE_METHOD_MATCH = YES;
				COPY_PHASE_STRIP = NO;
				DEBUG_INFORMATION_FORMAT = dwarf;
				ENABLE_STRICT_OBJC_MSGSEND = YES;
				ENABLE_TESTABILITY = YES;
				ENABLE_USER_SCRIPT_SANDBOXING = YES;
				GCC_C_LANGUAGE_STANDARD = gnu17;
				GCC_DYNAMIC_NO_PIC = NO;
				GCC_NO_COMMON_BLOCKS = YES;
				GCC_OPTIMIZATION_LEVEL = 0;
				GCC_PREPROCESSOR_DEFINITIONS = (
					"DEBUG=1",
					"$(inherited)",
				);
				GCC_WARN_64_TO_32_BIT_CONVERSION = YES;
				GCC_WARN_ABOUT_RETURN_TYPE = YES_ERROR;
				GCC_WARN_UNDECLARED_SELECTOR = YES;
				GCC_WARN_UNINITIALIZED_AUTOS = YES_AGGRESSIVE;
				GCC_WARN_UNUSED_FUNCTION = YES;
				GCC_WARN_UNUSED_VARIABLE = YES;
				LOCALIZATION_PREFERS_STRING_CATALOGS = YES;
				MTL_ENABLE_DEBUG_INFO = INCLUDE_SOURCE;
				MTL_FAST_MATH = YES;
				ONLY_ACTIVE_ARCH = YES;
				SWIFT_ACTIVE_COMPILATION_CONDITIONS = "DEBUG $(inherited)";
				SWIFT_OPTIMIZATION_LEVEL = "-Onone";
			};
			name = Debug;
		};
		4BE47DD4300DA8E700458BDB /* Release */ = {
			isa = XCBuildConfiguration;
			buildSettings = {
				ALWAYS_SEARCH_USER_PATHS = NO;
				ASSETCATALOG_COMPILER_GENERATE_SWIFT_ASSET_SYMBOL_EXTENSIONS = YES;
				CLANG_ANALYZER_NONNULL = YES;
				CLANG_ANALYZER_NUMBER_OBJECT_CONVERSION = YES_AGGRESSIVE;
				CLANG_CXX_LANGUAGE_STANDARD = "gnu++20";
				CLANG_ENABLE_MODULES = YES;
				CLANG_ENABLE_OBJC_ARC = YES;
				CLANG_ENABLE_OBJC_WEAK = YES;
				CLANG_WARN_BLOCK_CAPTURE_AUTORELEASING = YES;
				CLANG_WARN_BOOL_CONVERSION = YES;
				CLANG_WARN_COMMA = YES;
				CLANG_WARN_CONSTANT_CONVERSION = YES;
				CLANG_WARN_DEPRECATED_OBJC_IMPLEMENTATIONS = YES;
				CLANG_WARN_DIRECT_OBJC_ISA_USAGE = YES_ERROR;
				CLANG_WARN_DOCUMENTATION_COMMENTS = YES;
				CLANG_WARN_EMPTY_BODY = YES;
				CLANG_WARN_ENUM_CONVERSION = YES;
				CLANG_WARN_INFINITE_RECURSION = YES;
				CLANG_WARN_INT_CONVERSION = YES;
				CLANG_WARN_NON_LITERAL_NULL_CONVERSION = YES;
				CLANG_WARN_OBJC_IMPLICIT_RETAIN_SELF = YES;
				CLANG_WARN_OBJC_LITERAL_CONVERSION = YES;
				CLANG_WARN_OBJC_ROOT_CLASS = YES_ERROR;
				CLANG_WARN_QUOTED_INCLUDE_IN_FRAMEWORK_HEADER = YES;
				CLANG_WARN_RANGE_LOOP_ANALYSIS = YES;
				CLANG_WARN_STRICT_PROTOTYPES = YES;
				CLANG_WARN_SUSPICIOUS_MOVE = YES;
				CLANG_WARN_UNGUARDED_AVAILABILITY = YES_AGGRESSIVE;
				CLANG_WARN_UNREACHABLE_CODE = YES;
				CLANG_WARN__DUPLICATE_METHOD_MATCH = YES;
				COPY_PHASE_STRIP = NO;
				DEBUG_INFORMATION_FORMAT = "dwarf-with-dsym";
				ENABLE_NS_ASSERTIONS = NO;
				ENABLE_STRICT_OBJC_MSGSEND = YES;
				ENABLE_USER_SCRIPT_SANDBOXING = YES;
				GCC_C_LANGUAGE_STANDARD = gnu17;
				GCC_NO_COMMON_BLOCKS = YES;
				GCC_WARN_64_TO_32_BIT_CONVERSION = YES;
				GCC_WARN_ABOUT_RETURN_TYPE = YES_ERROR;
				GCC_WARN_UNDECLARED_SELECTOR = YES;
				GCC_WARN_UNINITIALIZED_AUTOS = YES_AGGRESSIVE;
				GCC_WARN_UNUSED_FUNCTION = YES;
				GCC_WARN_UNUSED_VARIABLE = YES;
				LOCALIZATION_PREFERS_STRING_CATALOGS = YES;
				MTL_ENABLE_DEBUG_INFO = NO;
				MTL_FAST_MATH = YES;
				SWIFT_COMPILATION_MODE = wholemodule;
			};
			name = Release;
		};
		4BE47DD6300DA8E700458BDB /* Debug */ = {
			isa = XCBuildConfiguration;
			buildSettings = {
				ASSETCATALOG_COMPILER_APPICON_NAME = AppIcon;
				ASSETCATALOG_COMPILER_GLOBAL_ACCENT_COLOR_NAME = AccentColor;
				CODE_SIGN_STYLE = Automatic;
				CURRENT_PROJECT_VERSION = 1;
				DEVELOPMENT_TEAM = J7PS3HA2QH;
				ENABLE_PREVIEWS = YES;
				GENERATE_INFOPLIST_FILE = NO;
				INFOPLIST_FILE = Config/Info.plist;
				IPHONEOS_DEPLOYMENT_TARGET = 26.0;
				LD_RUNPATH_SEARCH_PATHS = "@executable_path/Frameworks";
				MARKETING_VERSION = 1.0;
				PRODUCT_BUNDLE_IDENTIFIER = dev.isturiz.OpenCodeClient;
				PRODUCT_NAME = "$(TARGET_NAME)";
				SDKROOT = iphoneos;
				STRING_CATALOG_GENERATE_SYMBOLS = YES;
				SUPPORTED_PLATFORMS = "iphoneos iphonesimulator";
				SWIFT_APPROACHABLE_CONCURRENCY = YES;
				SWIFT_DEFAULT_ACTOR_ISOLATION = nonisolated;
				SWIFT_EMIT_LOC_STRINGS = YES;
				SWIFT_UPCOMING_FEATURE_MEMBER_IMPORT_VISIBILITY = YES;
				SWIFT_VERSION = 6.0;
				TARGETED_DEVICE_FAMILY = "1,2";
			};
			name = Debug;
		};
		4BE47DD7300DA8E700458BDB /* Release */ = {
			isa = XCBuildConfiguration;
			buildSettings = {
				ASSETCATALOG_COMPILER_APPICON_NAME = AppIcon;
				ASSETCATALOG_COMPILER_GLOBAL_ACCENT_COLOR_NAME = AccentColor;
				CODE_SIGN_STYLE = Automatic;
				CURRENT_PROJECT_VERSION = 1;
				DEVELOPMENT_TEAM = J7PS3HA2QH;
				ENABLE_PREVIEWS = YES;
				GENERATE_INFOPLIST_FILE = NO;
				INFOPLIST_FILE = Config/Info.plist;
				IPHONEOS_DEPLOYMENT_TARGET = 26.0;
				LD_RUNPATH_SEARCH_PATHS = "@executable_path/Frameworks";
				MARKETING_VERSION = 1.0;
				PRODUCT_BUNDLE_IDENTIFIER = dev.isturiz.OpenCodeClient;
				PRODUCT_NAME = "$(TARGET_NAME)";
				SDKROOT = iphoneos;
				STRING_CATALOG_GENERATE_SYMBOLS = YES;
				SUPPORTED_PLATFORMS = "iphoneos iphonesimulator";
				SWIFT_APPROACHABLE_CONCURRENCY = YES;
				SWIFT_DEFAULT_ACTOR_ISOLATION = nonisolated;
				SWIFT_EMIT_LOC_STRINGS = YES;
				SWIFT_UPCOMING_FEATURE_MEMBER_IMPORT_VISIBILITY = YES;
				SWIFT_VERSION = 6.0;
				TARGETED_DEVICE_FAMILY = "1,2";
			};
			name = Release;
		};
		4BE47DD9300DA8E700458BDB /* Debug */ = {
			isa = XCBuildConfiguration;
			buildSettings = {
				BUNDLE_LOADER = "$(TEST_HOST)";
				CODE_SIGN_STYLE = Automatic;
				CURRENT_PROJECT_VERSION = 1;
				GENERATE_INFOPLIST_FILE = YES;
				IPHONEOS_DEPLOYMENT_TARGET = 26.0;
				MARKETING_VERSION = 1.0;
				PRODUCT_BUNDLE_IDENTIFIER = isturiz.OpenCodeClientTests;
				PRODUCT_NAME = "$(TARGET_NAME)";
				SDKROOT = iphoneos;
				STRING_CATALOG_GENERATE_SYMBOLS = NO;
				SUPPORTED_PLATFORMS = "iphoneos iphonesimulator";
				SWIFT_APPROACHABLE_CONCURRENCY = YES;
				SWIFT_EMIT_LOC_STRINGS = NO;
				SWIFT_UPCOMING_FEATURE_MEMBER_IMPORT_VISIBILITY = YES;
				SWIFT_VERSION = 6.0;
				TARGETED_DEVICE_FAMILY = "1,2";
				TEST_HOST = "$(BUILT_PRODUCTS_DIR)/OpenCodeClient.app/$(BUNDLE_EXECUTABLE_FOLDER_PATH)/OpenCodeClient";
			};
			name = Debug;
		};
		4BE47DDA300DA8E700458BDB /* Release */ = {
			isa = XCBuildConfiguration;
			buildSettings = {
				BUNDLE_LOADER = "$(TEST_HOST)";
				CODE_SIGN_STYLE = Automatic;
				CURRENT_PROJECT_VERSION = 1;
				GENERATE_INFOPLIST_FILE = YES;
				IPHONEOS_DEPLOYMENT_TARGET = 26.0;
				MARKETING_VERSION = 1.0;
				PRODUCT_BUNDLE_IDENTIFIER = isturiz.OpenCodeClientTests;
				PRODUCT_NAME = "$(TARGET_NAME)";
				SDKROOT = iphoneos;
				STRING_CATALOG_GENERATE_SYMBOLS = NO;
				SUPPORTED_PLATFORMS = "iphoneos iphonesimulator";
				SWIFT_APPROACHABLE_CONCURRENCY = YES;
				SWIFT_EMIT_LOC_STRINGS = NO;
				SWIFT_UPCOMING_FEATURE_MEMBER_IMPORT_VISIBILITY = YES;
				SWIFT_VERSION = 6.0;
				TARGETED_DEVICE_FAMILY = "1,2";
				TEST_HOST = "$(BUILT_PRODUCTS_DIR)/OpenCodeClient.app/$(BUNDLE_EXECUTABLE_FOLDER_PATH)/OpenCodeClient";
			};
			name = Release;
		};
		4BE47DDC300DA8E700458BDB /* Debug */ = {
			isa = XCBuildConfiguration;
			buildSettings = {
				CODE_SIGN_STYLE = Automatic;
				CURRENT_PROJECT_VERSION = 1;
				GENERATE_INFOPLIST_FILE = YES;
				IPHONEOS_DEPLOYMENT_TARGET = 26.0;
				MARKETING_VERSION = 1.0;
				PRODUCT_BUNDLE_IDENTIFIER = isturiz.OpenCodeClientUITests;
				PRODUCT_NAME = "$(TARGET_NAME)";
				SDKROOT = iphoneos;
				STRING_CATALOG_GENERATE_SYMBOLS = NO;
				SUPPORTED_PLATFORMS = "iphoneos iphonesimulator";
				SWIFT_APPROACHABLE_CONCURRENCY = YES;
				SWIFT_EMIT_LOC_STRINGS = NO;
				SWIFT_UPCOMING_FEATURE_MEMBER_IMPORT_VISIBILITY = YES;
				SWIFT_VERSION = 6.0;
				TARGETED_DEVICE_FAMILY = "1,2";
				TEST_TARGET_NAME = OpenCodeClient;
			};
			name = Debug;
		};
		4BE47DDD300DA8E700458BDB /* Release */ = {
			isa = XCBuildConfiguration;
			buildSettings = {
				CODE_SIGN_STYLE = Automatic;
				CURRENT_PROJECT_VERSION = 1;
				GENERATE_INFOPLIST_FILE = YES;
				IPHONEOS_DEPLOYMENT_TARGET = 26.0;
				MARKETING_VERSION = 1.0;
				PRODUCT_BUNDLE_IDENTIFIER = isturiz.OpenCodeClientUITests;
				PRODUCT_NAME = "$(TARGET_NAME)";
				SDKROOT = iphoneos;
				STRING_CATALOG_GENERATE_SYMBOLS = NO;
				SUPPORTED_PLATFORMS = "iphoneos iphonesimulator";
				SWIFT_APPROACHABLE_CONCURRENCY = YES;
				SWIFT_EMIT_LOC_STRINGS = NO;
				SWIFT_UPCOMING_FEATURE_MEMBER_IMPORT_VISIBILITY = YES;
				SWIFT_VERSION = 6.0;
				TARGETED_DEVICE_FAMILY = "1,2";
				TEST_TARGET_NAME = OpenCodeClient;
			};
			name = Release;
		};
/* End XCBuildConfiguration section */

/* Begin XCConfigurationList section */
		4BE47DAF300DA8E600458BDB /* Build configuration list for PBXProject "OpenCodeClient" */ = {
			isa = XCConfigurationList;
			buildConfigurations = (
				4BE47DD3300DA8E700458BDB /* Debug */,
				4BE47DD4300DA8E700458BDB /* Release */,
			);
			defaultConfigurationIsVisible = 0;
			defaultConfigurationName = Release;
		};
		4BE47DD5300DA8E700458BDB /* Build configuration list for PBXNativeTarget "OpenCodeClient" */ = {
			isa = XCConfigurationList;
			buildConfigurations = (
				4BE47DD6300DA8E700458BDB /* Debug */,
				4BE47DD7300DA8E700458BDB /* Release */,
			);
			defaultConfigurationIsVisible = 0;
			defaultConfigurationName = Release;
		};
		4BE47DD8300DA8E700458BDB /* Build configuration list for PBXNativeTarget "OpenCodeClientTests" */ = {
			isa = XCConfigurationList;
			buildConfigurations = (
				4BE47DD9300DA8E700458BDB /* Debug */,
				4BE47DDA300DA8E700458BDB /* Release */,
			);
			defaultConfigurationIsVisible = 0;
			defaultConfigurationName = Release;
		};
		4BE47DDB300DA8E700458BDB /* Build configuration list for PBXNativeTarget "OpenCodeClientUITests" */ = {
			isa = XCConfigurationList;
			buildConfigurations = (
				4BE47DDC300DA8E700458BDB /* Debug */,
				4BE47DDD300DA8E700458BDB /* Release */,
			);
			defaultConfigurationIsVisible = 0;
			defaultConfigurationName = Release;
		};
/* End XCConfigurationList section */

/* Begin XCRemoteSwiftPackageReference section */
		A10000000000000000000003 /* XCRemoteSwiftPackageReference "textual" */ = {
			isa = XCRemoteSwiftPackageReference;
			repositoryURL = "https://github.com/gonzalezreal/textual";
			requirement = {
				kind = exactVersion;
				version = 0.5.0;
			};
		};
/* End XCRemoteSwiftPackageReference section */

/* Begin XCSwiftPackageProductDependency section */
		A10000000000000000000002 /* Textual */ = {
			isa = XCSwiftPackageProductDependency;
			package = A10000000000000000000003 /* XCRemoteSwiftPackageReference "textual" */;
			productName = Textual;
		};
/* End XCSwiftPackageProductDependency section */
	};
	rootObject = 4BE47DAC300DA8E600458BDB /* Project object */;
}
